<?xml version="1.0" encoding="UTF-8" standalone="yes" ?>
<CodeBlocks_project_file>
	<FileVersion major="1" minor="6" />
	<Project>
		<Option title="Proyecto servicio de streaming" />
		<Option pch_mode="2" />
		<Option compiler="gcc" />
		<Build>
			<Target title="default">
				<Option output="Proyecto servicio de streaming" prefix_auto="1" extension_auto="1" />
				<Option type="1" />
				<Option compiler="gcc" />
			</Target>
		</Build>
		<Unit filename="Main.cpp" />
		<Unit filename="Pelicula.cpp" />
		<Unit filename="Pelicula.hpp" />
		<Unit filename="Serie.cpp" />
		<Unit filename="Serie.hpp" />
		<Unit filename="Video.cpp" />
		<Unit filename="Video.hpp" />
		<Extensions>
			<lib_finder disable_auto="1" />
		</Extensions>
	</Project>
</CodeBlocks_project_file>
